
Microsoft Visual Studio Solution File, Format Version 12.00
# Visual Studio Version 17
VisualStudioVersion = 17.2.32526.322
MinimumVisualStudioVersion = 10.0.40219.1
Project("{FAE04EC0-301F-11D3-BF4B-00C04F79EFBC}") = "MEDIA_ON-THE-FLY", "MEDIA_ON-THE-FLY.csproj", "{3A075831-BAE4-41A1-AB6D-37A1CCE684B4}"
EndProject
Project("{FAE04EC0-301F-11D3-BF4B-00C04F79EFBC}") = "INSTALLER-UPDATER", "..\INSTALLER-UPDATER\INSTALLER-UPDATER.csproj", "{93CC6114-455E-42BE-A0F9-B8610D41DBDB}"
EndProject
Project("{FAE04EC0-301F-11D3-BF4B-00C04F79EFBC}") = "MOTF_Service", "..\MOTF\MOTF_Service.csproj", "{D5269B9A-E823-4A13-972E-797D22C51366}"
EndProject
Global
	GlobalSection(SolutionConfigurationPlatforms) = preSolution
		Debug|Any CPU = Debug|Any CPU
		Release|Any CPU = Release|Any CPU
	EndGlobalSection
	GlobalSection(ProjectConfigurationPlatforms) = postSolution
		{3A075831-BAE4-41A1-AB6D-37A1CCE684B4}.Debug|Any CPU.ActiveCfg = Debug|Any CPU
		{3A075831-BAE4-41A1-AB6D-37A1CCE684B4}.Debug|Any CPU.Build.0 = Debug|Any CPU
		{3A075831-BAE4-41A1-AB6D-37A1CCE684B4}.Release|Any CPU.ActiveCfg = Release|Any CPU
		{3A075831-BAE4-41A1-AB6D-37A1CCE684B4}.Release|Any CPU.Build.0 = Release|Any CPU
		{93CC6114-455E-42BE-A0F9-B8610D41DBDB}.Debug|Any CPU.ActiveCfg = Debug|Any CPU
		{93CC6114-455E-42BE-A0F9-B8610D41DBDB}.Debug|Any CPU.Build.0 = Debug|Any CPU
		{93CC6114-455E-42BE-A0F9-B8610D41DBDB}.Release|Any CPU.ActiveCfg = Release|Any CPU
		{93CC6114-455E-42BE-A0F9-B8610D41DBDB}.Release|Any CPU.Build.0 = Release|Any CPU
		{D5269B9A-E823-4A13-972E-797D22C51366}.Debug|Any CPU.ActiveCfg = Debug|Any CPU
		{D5269B9A-E823-4A13-972E-797D22C51366}.Debug|Any CPU.Build.0 = Debug|Any CPU
		{D5269B9A-E823-4A13-972E-797D22C51366}.Release|Any CPU.ActiveCfg = Release|Any CPU
		{D5269B9A-E823-4A13-972E-797D22C51366}.Release|Any CPU.Build.0 = Release|Any CPU
	EndGlobalSection
	GlobalSection(SolutionProperties) = preSolution
		HideSolutionNode = FALSE
	EndGlobalSection
	GlobalSection(ExtensibilityGlobals) = postSolution
		SolutionGuid = {2A12FE78-E449-47DC-8B98-BFDA76443B86}
	EndGlobalSection
EndGlobal
